# @generated - this file is auto-generated by `mise lock` https://mise.en.dev/dev-tools/mise-lock.html

[[tools.antigravity-cli]]
version = "1.0.12"
backend = "aqua:google-antigravity/antigravity-cli"

[tools.antigravity-cli."platforms.linux-arm64"]
checksum = "sha256:a0367e5875ac1b88a6c0b163c86ebd5d13c9bef907f4469a6516ff69021bf2d4"
url = "https://github.com/google-antigravity/antigravity-cli/releases/download/1.0.12/agy_cli_linux_arm64.tar.gz"

[tools.antigravity-cli."platforms.linux-arm64-musl"]
checksum = "sha256:a0367e5875ac1b88a6c0b163c86ebd5d13c9bef907f4469a6516ff69021bf2d4"
url = "https://github.com/google-antigravity/antigravity-cli/releases/download/1.0.12/agy_cli_linux_arm64.tar.gz"

[tools.antigravity-cli."platforms.linux-x64"]
checksum = "sha256:7e3075df68ebad58aa1cf42231e9d8b83bf2895b5b058ab1736b0b6383c75008"
url = "https://github.com/google-antigravity/antigravity-cli/releases/download/1.0.12/agy_cli_linux_x64.tar.gz"

[tools.antigravity-cli."platforms.linux-x64-musl"]
checksum = "sha256:7e3075df68ebad58aa1cf42231e9d8b83bf2895b5b058ab1736b0b6383c75008"
url = "https://github.com/google-antigravity/antigravity-cli/releases/download/1.0.12/agy_cli_linux_x64.tar.gz"

[tools.antigravity-cli."platforms.macos-arm64"]
checksum = "sha256:53f7308a117f70fe7eeca4a69004e8239c8ea18c9d82e47966b290332b69b829"
url = "https://github.com/google-antigravity/antigravity-cli/releases/download/1.0.12/agy_cli_mac_arm64.tar.gz"

[tools.antigravity-cli."platforms.macos-x64"]
checksum = "sha256:03c6233261548872b176547e3a938f406282fbaf33ffcdefb63c35ca2246b7a8"
url = "https://github.com/google-antigravity/antigravity-cli/releases/download/1.0.12/agy_cli_mac_x64.tar.gz"

[tools.antigravity-cli."platforms.windows-x64"]
checksum = "sha256:cee987083652c58c7e31d09f177692a52be313e1089b6b1d9144e68ef9e14c44"
url = "https://github.com/google-antigravity/antigravity-cli/releases/download/1.0.12/agy_cli_windows_x64.zip"
